
Microsoft Visual Studio Solution File, Format Version 12.00
# Visual Studio Version 17
VisualStudioVersion = 17.3.32811.315
MinimumVisualStudioVersion = 10.0.40219.1
Project("{FAE04EC0-301F-11D3-BF4B-00C04F79EFBC}") = "FormMultidimencional_G2_GRAJ", "FormMultidimencional_G2_GRAJ.csproj", "{520662CF-9233-4C9D-A90C-5EAB918FDE97}"
EndProject
Global
	GlobalSection(SolutionConfigurationPlatforms) = preSolution
		Debug|Any CPU = Debug|Any CPU
		Release|Any CPU = Release|Any CPU
	EndGlobalSection
	GlobalSection(ProjectConfigurationPlatforms) = postSolution
		{520662CF-9233-4C9D-A90C-5EAB918FDE97}.Debug|Any CPU.ActiveCfg = Debug|Any CPU
		{520662CF-9233-4C9D-A90C-5EAB918FDE97}.Debug|Any CPU.Build.0 = Debug|Any CPU
		{520662CF-9233-4C9D-A90C-5EAB918FDE97}.Release|Any CPU.ActiveCfg = Release|Any CPU
		{520662CF-9233-4C9D-A90C-5EAB918FDE97}.Release|Any CPU.Build.0 = Release|Any CPU
	EndGlobalSection
	GlobalSection(SolutionProperties) = preSolution
		HideSolutionNode = FALSE
	EndGlobalSection
	GlobalSection(ExtensibilityGlobals) = postSolution
		SolutionGuid = {0AFEB27B-6F4E-4C25-880C-CC88A446CFC6}
	EndGlobalSection
EndGlobal
